// !$*UTF8*$!
{
	archiveVersion = 1;
	classes = {
	};
	objectVersion = 56;
	objects = {

/* Begin PBXBuildFile section */
		4C85C4922CBD257B003C8E93 /* AppDelegate.swift in Sources */ = {isa = PBXBuildFile; fileRef = 4C85C4912CBD257B003C8E93 /* AppDelegate.swift */; };
		4C85C4942CBD257B003C8E93 /* SceneDelegate.swift in Sources */ = {isa = PBXBuildFile; fileRef = 4C85C4932CBD257B003C8E93 /* SceneDelegate.swift */; };
		4C85C4962CBD257B003C8E93 /* ViewController.swift in Sources */ = {isa = PBXBuildFile; fileRef = 4C85C4952CBD257B003C8E93 /* ViewController.swift */; };
		4C85C4992CBD257B003C8E93 /* Base in Resources */ = {isa = PBXBuildFile; fileRef = 4C85C4982CBD257B003C8E93 /* Base */; };
		4C85C49B2CBD257E003C8E93 /* Assets.xcassets in Resources */ = {isa = PBXBuildFile; fileRef = 4C85C49A2CBD257E003C8E93 /* Assets.xcassets */; };
		4C85C49E2CBD257E003C8E93 /* Base in Resources */ = {isa = PBXBuildFile; fileRef = 4C85C49D2CBD257E003C8E93 /* Base */; };
		4C85C4AC2CBD25CA003C8E93 /* AppDelegate.swift in Sources */ = {isa = PBXBuildFile; fileRef = 4C85C4AB2CBD25CA003C8E93 /* AppDelegate.swift */; };
		4C85C4AE2CBD25CA003C8E93 /* SceneDelegate.swift in Sources */ = {isa = PBXBuildFile; fileRef = 4C85C4AD2CBD25CA003C8E93 /* SceneDelegate.swift */; };
		4C85C4B02CBD25CA003C8E93 /* ViewController.swift in Sources */ = {isa = PBXBuildFile; fileRef = 4C85C4AF2CBD25CA003C8E93 /* ViewController.swift */; };
		4C85C4B32CBD25CA003C8E93 /* Base in Resources */ = {isa = PBXBuildFile; fileRef = 4C85C4B22CBD25CA003C8E93 /* Base */; };
		4C85C4B82CBD25CC003C8E93 /* Base in Resources */ = {isa = PBXBuildFile; fileRef = 4C85C4B72CBD25CC003C8E93 /* Base */; };
		4C85C4BE2CBD266C003C8E93 /* Assets.xcassets in Resources */ = {isa = PBXBuildFile; fileRef = 4C85C49A2CBD257E003C8E93 /* Assets.xcassets */; };
/* End PBXBuildFile section */

/* Begin PBXFileReference section */
		4C85C48E2CBD257B003C8E93 /* SellMyArt.app */ = {isa = PBXFileReference; explicitFileType = wrapper.application; includeInIndex = 0; path = SellMyArt.app; sourceTree = BUILT_PRODUCTS_DIR; };
		4C85C4912CBD257B003C8E93 /* AppDelegate.swift */ = {isa = PBXFileReference; lastKnownFileType = sourcecode.swift; path = AppDelegate.swift; sourceTree = "<group>"; };
		4C85C4932CBD257B003C8E93 /* SceneDelegate.swift */ = {isa = PBXFileReference; lastKnownFileType = sourcecode.swift; path = SceneDelegate.swift; sourceTree = "<group>"; };
		4C85C4952CBD257B003C8E93 /* ViewController.swift */ = {isa = PBXFileReference; lastKnownFileType = sourcecode.swift; path = ViewController.swift; sourceTree = "<group>"; };
		4C85C4982CBD257B003C8E93 /* Base */ = {isa = PBXFileReference; lastKnownFileType = file.storyboard; name = Base; path = Base.lproj/Main.storyboard; sourceTree = "<group>"; };
		4C85C49A2CBD257E003C8E93 /* Assets.xcassets */ = {isa = PBXFileReference; lastKnownFileType = folder.assetcatalog; path = Assets.xcassets; sourceTree = "<group>"; };
		4C85C49D2CBD257E003C8E93 /* Base */ = {isa = PBXFileReference; lastKnownFileType = file.storyboard; name = Base; path = Base.lproj/LaunchScreen.storyboard; sourceTree = "<group>"; };
		4C85C49F2CBD257E003C8E93 /* Info.plist */ = {isa = PBXFileReference; lastKnownFileType = text.plist.xml; path = Info.plist; sourceTree = "<group>"; };
		4C85C4A92CBD25CA003C8E93 /* sellMyArtAdmin.app */ = {isa = PBXFileReference; explicitFileType = wrapper.application; includeInIndex = 0; path = sellMyArtAdmin.app; sourceTree = BUILT_PRODUCTS_DIR; };
		4C85C4AB2CBD25CA003C8E93 /* AppDelegate.swift */ = {isa = PBXFileReference; lastKnownFileType = sourcecode.swift; path = AppDelegate.swift; sourceTree = "<group>"; };
		4C85C4AD2CBD25CA003C8E93 /* SceneDelegate.swift */ = {isa = PBXFileReference; lastKnownFileType = sourcecode.swift; path = SceneDelegate.swift; sourceTree = "<group>"; };
		4C85C4AF2CBD25CA003C8E93 /* ViewController.swift */ = {isa = PBXFileReference; lastKnownFileType = sourcecode.swift; path = ViewController.swift; sourceTree = "<group>"; };
		4C85C4B22CBD25CA003C8E93 /* Base */ = {isa = PBXFileReference; lastKnownFileType = file.storyboard; name = Base; path = Base.lproj/Main.storyboard; sourceTree = "<group>"; };
		4C85C4B72CBD25CC003C8E93 /* Base */ = {isa = PBXFileReference; lastKnownFileType = file.storyboard; name = Base; path = Base.lproj/LaunchScreen.storyboard; sourceTree = "<group>"; };
		4C85C4B92CBD25CC003C8E93 /* Info.plist */ = {isa = PBXFileReference; lastKnownFileType = text.plist.xml; path = Info.plist; sourceTree = "<group>"; };
/* End PBXFileReference section */

/* Begin PBXFrameworksBuildPhase section */
		4C85C48B2CBD257B003C8E93 /* Frameworks */ = {
			isa = PBXFrameworksBuildPhase;
			buildActionMask = 2147483647;
			files = (
			);
			runOnlyForDeploymentPostprocessing = 0;
		};
		4C85C4A62CBD25CA003C8E93 /* Frameworks */ = {
			isa = PBXFrameworksBuildPhase;
			buildActionMask = 2147483647;
			files = (
			);
			runOnlyForDeploymentPostprocessing = 0;
		};
/* End PBXFrameworksBuildPhase section */

/* Begin PBXGroup section */
		4C85C4852CBD257B003C8E93 = {
			isa = PBXGroup;
			children = (
				4C85C4BD2CBD265D003C8E93 /* Shared */,
				4C85C4902CBD257B003C8E93 /* SellMyArt */,
				4C85C4AA2CBD25CA003C8E93 /* sellMyArtAdmin */,
				4C85C48F2CBD257B003C8E93 /* Products */,
			);
			sourceTree = "<group>";
		};
		4C85C48F2CBD257B003C8E93 /* Products */ = {
			isa = PBXGroup;
			children = (
				4C85C48E2CBD257B003C8E93 /* SellMyArt.app */,
				4C85C4A92CBD25CA003C8E93 /* sellMyArtAdmin.app */,
			);
			name = Products;
			sourceTree = "<group>";
		};
		4C85C4902CBD257B003C8E93 /* SellMyArt */ = {
			isa = PBXGroup;
			children = (
				4C85C4912CBD257B003C8E93 /* AppDelegate.swift */,
				4C85C4932CBD257B003C8E93 /* SceneDelegate.swift */,
				4C85C4952CBD257B003C8E93 /* ViewController.swift */,
				4C85C4972CBD257B003C8E93 /* Main.storyboard */,
				4C85C49C2CBD257E003C8E93 /* LaunchScreen.storyboard */,
				4C85C49F2CBD257E003C8E93 /* Info.plist */,
			);
			path = SellMyArt;
			sourceTree = "<group>";
		};
		4C85C4AA2CBD25CA003C8E93 /* sellMyArtAdmin */ = {
			isa = PBXGroup;
			children = (
				4C85C4AB2CBD25CA003C8E93 /* AppDelegate.swift */,
				4C85C4AD2CBD25CA003C8E93 /* SceneDelegate.swift */,
				4C85C4AF2CBD25CA003C8E93 /* ViewController.swift */,
				4C85C4B12CBD25CA003C8E93 /* Main.storyboard */,
				4C85C4B62CBD25CC003C8E93 /* LaunchScreen.storyboard */,
				4C85C4B92CBD25CC003C8E93 /* Info.plist */,
			);
			path = sellMyArtAdmin;
			sourceTree = "<group>";
		};
		4C85C4BD2CBD265D003C8E93 /* Shared */ = {
			isa = PBXGroup;
			children = (
				4C85C49A2CBD257E003C8E93 /* Assets.xcassets */,
			);
			path = Shared;
			sourceTree = "<group>";
		};
/* End PBXGroup section */

/* Begin PBXNativeTarget section */
		4C85C48D2CBD257B003C8E93 /* SellMyArt */ = {
			isa = PBXNativeTarget;
			buildConfigurationList = 4C85C4A22CBD257E003C8E93 /* Build configuration list for PBXNativeTarget "SellMyArt" */;
			buildPhases = (
				4C85C48A2CBD257B003C8E93 /* Sources */,
				4C85C48B2CBD257B003C8E93 /* Frameworks */,
				4C85C48C2CBD257B003C8E93 /* Resources */,
			);
			buildRules = (
			);
			dependencies = (
			);
			name = SellMyArt;
			productName = SellMyArt;
			productReference = 4C85C48E2CBD257B003C8E93 /* SellMyArt.app */;
			productType = "com.apple.product-type.application";
		};
		4C85C4A82CBD25CA003C8E93 /* sellMyArtAdmin */ = {
			isa = PBXNativeTarget;
			buildConfigurationList = 4C85C4BA2CBD25CC003C8E93 /* Build configuration list for PBXNativeTarget "sellMyArtAdmin" */;
			buildPhases = (
				4C85C4A52CBD25CA003C8E93 /* Sources */,
				4C85C4A62CBD25CA003C8E93 /* Frameworks */,
				4C85C4A72CBD25CA003C8E93 /* Resources */,
			);
			buildRules = (
			);
			dependencies = (
			);
			name = sellMyArtAdmin;
			productName = sellMyArtAdmin;
			productReference = 4C85C4A92CBD25CA003C8E93 /* sellMyArtAdmin.app */;
			productType = "com.apple.product-type.application";
		};
/* End PBXNativeTarget section */

/* Begin PBXProject section */
		4C85C4862CBD257B003C8E93 /* Project object */ = {
			isa = PBXProject;
			attributes = {
				BuildIndependentTargetsInParallel = 1;
				LastSwiftUpdateCheck = 1530;
				LastUpgradeCheck = 1530;
				TargetAttributes = {
					4C85C48D2CBD257B003C8E93 = {
						CreatedOnToolsVersion = 15.3;
					};
					4C85C4A82CBD25CA003C8E93 = {
						CreatedOnToolsVersion = 15.3;
					};
				};
			};
			buildConfigurationList = 4C85C4892CBD257B003C8E93 /* Build configuration list for PBXProject "SellMyArt" */;
			compatibilityVersion = "Xcode 14.0";
			developmentRegion = en;
			hasScannedForEncodings = 0;
			knownRegions = (
				en,
				Base,
			);
			mainGroup = 4C85C4852CBD257B003C8E93;
			productRefGroup = 4C85C48F2CBD257B003C8E93 /* Products */;
			projectDirPath = "";
			projectRoot = "";
			targets = (
				4C85C48D2CBD257B003C8E93 /* SellMyArt */,
				4C85C4A82CBD25CA003C8E93 /* sellMyArtAdmin */,
			);
		};
/* End PBXProject section */

/* Begin PBXResourcesBuildPhase section */
		4C85C48C2CBD257B003C8E93 /* Resources */ = {
			isa = PBXResourcesBuildPhase;
			buildActionMask = 2147483647;
			files = (
				4C85C49B2CBD257E003C8E93 /* Assets.xcassets in Resources */,
				4C85C49E2CBD257E003C8E93 /* Base in Resources */,
				4C85C4992CBD257B003C8E93 /* Base in Resources */,
			);
			runOnlyForDeploymentPostprocessing = 0;
		};
		4C85C4A72CBD25CA003C8E93 /* Resources */ = {
			isa = PBXResourcesBuildPhase;
			buildActionMask = 2147483647;
			files = (
				4C85C4B82CBD25CC003C8E93 /* Base in Resources */,
				4C85C4BE2CBD266C003C8E93 /* Assets.xcassets in Resources */,
				4C85C4B32CBD25CA003C8E93 /* Base in Resources */,
			);
			runOnlyForDeploymentPostprocessing = 0;
		};
/* End PBXResourcesBuildPhase section */

/* Begin PBXSourcesBuildPhase section */
		4C85C48A2CBD257B003C8E93 /* Sources */ = {
			isa = PBXSourcesBuildPhase;
			buildActionMask = 2147483647;
			files = (
				4C85C4962CBD257B003C8E93 /* ViewController.swift in Sources */,
				4C85C4922CBD257B003C8E93 /* AppDelegate.swift in Sources */,
				4C85C4942CBD257B003C8E93 /* SceneDelegate.swift in Sources */,
			);
			runOnlyForDeploymentPostprocessing = 0;
		};
		4C85C4A52CBD25CA003C8E93 /* Sources */ = {
			isa = PBXSourcesBuildPhase;
			buildActionMask = 2147483647;
			files = (
				4C85C4B02CBD25CA003C8E93 /* ViewController.swift in Sources */,
				4C85C4AC2CBD25CA003C8E93 /* AppDelegate.swift in Sources */,
				4C85C4AE2CBD25CA003C8E93 /* SceneDelegate.swift in Sources */,
			);
			runOnlyForDeploymentPostprocessing = 0;
		};
/* End PBXSourcesBuildPhase section */

/* Begin PBXVariantGroup section */
		4C85C4972CBD257B003C8E93 /* Main.storyboard */ = {
			isa = PBXVariantGroup;
			children = (
				4C85C4982CBD257B003C8E93 /* Base */,
			);
			name = Main.storyboard;
			sourceTree = "<group>";
		};
		4C85C49C2CBD257E003C8E93 /* LaunchScreen.storyboard */ = {
			isa = PBXVariantGroup;
			children = (
				4C85C49D2CBD257E003C8E93 /* Base */,
			);
			name = LaunchScreen.storyboard;
			sourceTree = "<group>";
		};
		4C85C4B12CBD25CA003C8E93 /* Main.storyboard */ = {
			isa = PBXVariantGroup;
			children = (
				4C85C4B22CBD25CA003C8E93 /* Base */,
			);
			name = Main.storyboard;
			sourceTree = "<group>";
		};
		4C85C4B62CBD25CC003C8E93 /* LaunchScreen.storyboard */ = {
			isa = PBXVariantGroup;
			children = (
				4C85C4B72CBD25CC003C8E93 /* Base */,
			);
			name = LaunchScreen.storyboard;
			sourceTree = "<group>";
		};
/* End PBXVariantGroup section */

/* Begin XCBuildConfiguration section */
		4C85C4A02CBD257E003C8E93 /* Debug */ = {
			isa = XCBuildConfiguration;
			buildSettings = {
				ALWAYS_SEARCH_USER_PATHS = NO;
				ASSETCATALOG_COMPILER_GENERATE_SWIFT_ASSET_SYMBOL_EXTENSIONS = YES;
				CLANG_ANALYZER_NONNULL = YES;
				CLANG_ANALYZER_NUMBER_OBJECT_CONVERSION = YES_AGGRESSIVE;
				CLANG_CXX_LANGUAGE_STANDARD = "gnu++20";
				CLANG_ENABLE_MODULES = YES;
				CLANG_ENABLE_OBJC_ARC = YES;
				CLANG_ENABLE_OBJC_WEAK = YES;
				CLANG_WARN_BLOCK_CAPTURE_AUTORELEASING = YES;
				CLANG_WARN_BOOL_CONVERSION = YES;
				CLANG_WARN_COMMA = YES;
				CLANG_WARN_CONSTANT_CONVERSION = YES;
				CLANG_WARN_DEPRECATED_OBJC_IMPLEMENTATIONS = YES;
				CLANG_WARN_DIRECT_OBJC_ISA_USAGE = YES_ERROR;
				CLANG_WARN_DOCUMENTATION_COMMENTS = YES;
				CLANG_WARN_EMPTY_BODY = YES;
				CLANG_WARN_ENUM_CONVERSION = YES;
				CLANG_WARN_INFINITE_RECURSION = YES;
				CLANG_WARN_INT_CONVERSION = YES;
				CLANG_WARN_NON_LITERAL_NULL_CONVERSION = YES;
				CLANG_WARN_OBJC_IMPLICIT_RETAIN_SELF = YES;
				CLANG_WARN_OBJC_LITERAL_CONVERSION = YES;
				CLANG_WARN_OBJC_ROOT_CLASS = YES_ERROR;
				CLANG_WARN_QUOTED_INCLUDE_IN_FRAMEWORK_HEADER = YES;
				CLANG_WARN_RANGE_LOOP_ANALYSIS = YES;
				CLANG_WARN_STRICT_PROTOTYPES = YES;
				CLANG_WARN_SUSPICIOUS_MOVE = YES;
				CLANG_WARN_UNGUARDED_AVAILABILITY = YES_AGGRESSIVE;
				CLANG_WARN_UNREACHABLE_CODE = YES;
				CLANG_WARN__DUPLICATE_METHOD_MATCH = YES;
				COPY_PHASE_STRIP = NO;
				DEBUG_INFORMATION_FORMAT = dwarf;
				ENABLE_STRICT_OBJC_MSGSEND = YES;
				ENABLE_TESTABILITY = YES;
				ENABLE_USER_SCRIPT_SANDBOXING = YES;
				GCC_C_LANGUAGE_STANDARD = gnu17;
				GCC_DYNAMIC_NO_PIC = NO;
				GCC_NO_COMMON_BLOCKS = YES;
				GCC_OPTIMIZATION_LEVEL = 0;
				GCC_PREPROCESSOR_DEFINITIONS = (
					"DEBUG=1",
					"$(inherited)",
				);
				GCC_WARN_64_TO_32_BIT_CONVERSION = YES;
				GCC_WARN_ABOUT_RETURN_TYPE = YES_ERROR;
				GCC_WARN_UNDECLARED_SELECTOR = YES;
				GCC_WARN_UNINITIALIZED_AUTOS = YES_AGGRESSIVE;
				GCC_WARN_UNUSED_FUNCTION = YES;
				GCC_WARN_UNUSED_VARIABLE = YES;
				IPHONEOS_DEPLOYMENT_TARGET = 17.4;
				LOCALIZATION_PREFERS_STRING_CATALOGS = YES;
				MTL_ENABLE_DEBUG_INFO = INCLUDE_SOURCE;
				MTL_FAST_MATH = YES;
				ONLY_ACTIVE_ARCH = YES;
				SDKROOT = iphoneos;
				SWIFT_ACTIVE_COMPILATION_CONDITIONS = "DEBUG $(inherited)";
				SWIFT_OPTIMIZATION_LEVEL = "-Onone";
			};
			name = Debug;
		};
		4C85C4A12CBD257E003C8E93 /* Release */ = {
			isa = XCBuildConfiguration;
			buildSettings = {
				ALWAYS_SEARCH_USER_PATHS = NO;
				ASSETCATALOG_COMPILER_GENERATE_SWIFT_ASSET_SYMBOL_EXTENSIONS = YES;
				CLANG_ANALYZER_NONNULL = YES;
				CLANG_ANALYZER_NUMBER_OBJECT_CONVERSION = YES_AGGRESSIVE;
				CLANG_CXX_LANGUAGE_STANDARD = "gnu++20";
				CLANG_ENABLE_MODULES = YES;
				CLANG_ENABLE_OBJC_ARC = YES;
				CLANG_ENABLE_OBJC_WEAK = YES;
				CLANG_WARN_BLOCK_CAPTURE_AUTORELEASING = YES;
				CLANG_WARN_BOOL_CONVERSION = YES;
				CLANG_WARN_COMMA = YES;
				CLANG_WARN_CONSTANT_CONVERSION = YES;
				CLANG_WARN_DEPRECATED_OBJC_IMPLEMENTATIONS = YES;
				CLANG_WARN_DIRECT_OBJC_ISA_USAGE = YES_ERROR;
				CLANG_WARN_DOCUMENTATION_COMMENTS = YES;
				CLANG_WARN_EMPTY_BODY = YES;
				CLANG_WARN_ENUM_CONVERSION = YES;
				CLANG_WARN_INFINITE_RECURSION = YES;
				CLANG_WARN_INT_CONVERSION = YES;
				CLANG_WARN_NON_LITERAL_NULL_CONVERSION = YES;
				CLANG_WARN_OBJC_IMPLICIT_RETAIN_SELF = YES;
				CLANG_WARN_OBJC_LITERAL_CONVERSION = YES;
				CLANG_WARN_OBJC_ROOT_CLASS = YES_ERROR;
				CLANG_WARN_QUOTED_INCLUDE_IN_FRAMEWORK_HEADER = YES;
				CLANG_WARN_RANGE_LOOP_ANALYSIS = YES;
				CLANG_WARN_STRICT_PROTOTYPES = YES;
				CLANG_WARN_SUSPICIOUS_MOVE = YES;
				CLANG_WARN_UNGUARDED_AVAILABILITY = YES_AGGRESSIVE;
				CLANG_WARN_UNREACHABLE_CODE = YES;
				CLANG_WARN__DUPLICATE_METHOD_MATCH = YES;
				COPY_PHASE_STRIP = NO;
				DEBUG_INFORMATION_FORMAT = "dwarf-with-dsym";
				ENABLE_NS_ASSERTIONS = NO;
				ENABLE_STRICT_OBJC_MSGSEND = YES;
				ENABLE_USER_SCRIPT_SANDBOXING = YES;
				GCC_C_LANGUAGE_STANDARD = gnu17;
				GCC_NO_COMMON_BLOCKS = YES;
				GCC_WARN_64_TO_32_BIT_CONVERSION = YES;
				GCC_WARN_ABOUT_RETURN_TYPE = YES_ERROR;
				GCC_WARN_UNDECLARED_SELECTOR = YES;
				GCC_WARN_UNINITIALIZED_AUTOS = YES_AGGRESSIVE;
				GCC_WARN_UNUSED_FUNCTION = YES;
				GCC_WARN_UNUSED_VARIABLE = YES;
				IPHONEOS_DEPLOYMENT_TARGET = 17.4;
				LOCALIZATION_PREFERS_STRING_CATALOGS = YES;
				MTL_ENABLE_DEBUG_INFO = NO;
				MTL_FAST_MATH = YES;
				SDKROOT = iphoneos;
				SWIFT_COMPILATION_MODE = wholemodule;
				VALIDATE_PRODUCT = YES;
			};
			name = Release;
		};
		4C85C4A32CBD257E003C8E93 /* Debug */ = {
			isa = XCBuildConfiguration;
			buildSettings = {
				ASSETCATALOG_COMPILER_APPICON_NAME = AppIcon;
				ASSETCATALOG_COMPILER_GLOBAL_ACCENT_COLOR_NAME = AccentColor;
				CODE_SIGN_IDENTITY = "Apple Development";
				CODE_SIGN_STYLE = Automatic;
				CURRENT_PROJECT_VERSION = 1;
				DEVELOPMENT_TEAM = MXYAZWKJ7D;
				GENERATE_INFOPLIST_FILE = YES;
				INFOPLIST_FILE = SellMyArt/Info.plist;
				INFOPLIST_KEY_UIApplicationSupportsIndirectInputEvents = YES;
				INFOPLIST_KEY_UILaunchStoryboardName = LaunchScreen;
				INFOPLIST_KEY_UIMainStoryboardFile = Main;
				INFOPLIST_KEY_UISupportedInterfaceOrientations_iPad = "UIInterfaceOrientationPortrait UIInterfaceOrientationPortraitUpsideDown UIInterfaceOrientationLandscapeLeft UIInterfaceOrientationLandscapeRight";
				INFOPLIST_KEY_UISupportedInterfaceOrientations_iPhone = "UIInterfaceOrientationPortrait UIInterfaceOrientationLandscapeLeft UIInterfaceOrientationLandscapeRight";
				IPHONEOS_DEPLOYMENT_TARGET = 14.1;
				LD_RUNPATH_SEARCH_PATHS = (
					"$(inherited)",
					"@executable_path/Frameworks",
				);
				MARKETING_VERSION = 1.0;
				PRODUCT_BUNDLE_IDENTIFIER = com.db.mobilebanking;
				PRODUCT_NAME = "$(TARGET_NAME)";
				PROVISIONING_PROFILE_SPECIFIER = "";
				SWIFT_EMIT_LOC_STRINGS = YES;
				SWIFT_VERSION = 5.0;
				TARGETED_DEVICE_FAMILY = "1,2";
			};
			name = Debug;
		};
		4C85C4A42CBD257E003C8E93 /* Release */ = {
			isa = XCBuildConfiguration;
			buildSettings = {
				ASSETCATALOG_COMPILER_APPICON_NAME = AppIcon;
				ASSETCATALOG_COMPILER_GLOBAL_ACCENT_COLOR_NAME = AccentColor;
				CODE_SIGN_IDENTITY = "Apple Development";
				CODE_SIGN_STYLE = Automatic;
				CURRENT_PROJECT_VERSION = 1;
				DEVELOPMENT_TEAM = MXYAZWKJ7D;
				GENERATE_INFOPLIST_FILE = YES;
				INFOPLIST_FILE = SellMyArt/Info.plist;
				INFOPLIST_KEY_UIApplicationSupportsIndirectInputEvents = YES;
				INFOPLIST_KEY_UILaunchStoryboardName = LaunchScreen;
				INFOPLIST_KEY_UIMainStoryboardFile = Main;
				INFOPLIST_KEY_UISupportedInterfaceOrientations_iPad = "UIInterfaceOrientationPortrait UIInterfaceOrientationPortraitUpsideDown UIInterfaceOrientationLandscapeLeft UIInterfaceOrientationLandscapeRight";
				INFOPLIST_KEY_UISupportedInterfaceOrientations_iPhone = "UIInterfaceOrientationPortrait UIInterfaceOrientationLandscapeLeft UIInterfaceOrientationLandscapeRight";
				IPHONEOS_DEPLOYMENT_TARGET = 14.1;
				LD_RUNPATH_SEARCH_PATHS = (
					"$(inherited)",
					"@executable_path/Frameworks",
				);
				MARKETING_VERSION = 1.0;
				PRODUCT_BUNDLE_IDENTIFIER = com.db.mobilebanking;
				PRODUCT_NAME = "$(TARGET_NAME)";
				PROVISIONING_PROFILE_SPECIFIER = "";
				SWIFT_EMIT_LOC_STRINGS = YES;
				SWIFT_VERSION = 5.0;
				TARGETED_DEVICE_FAMILY = "1,2";
			};
			name = Release;
		};
		4C85C4BB2CBD25CC003C8E93 /* Debug */ = {
			isa = XCBuildConfiguration;
			buildSettings = {
				ASSETCATALOG_COMPILER_APPICON_NAME = AppIcon;
				ASSETCATALOG_COMPILER_GLOBAL_ACCENT_COLOR_NAME = AccentColor;
				CODE_SIGN_IDENTITY = "Apple Development";
				CODE_SIGN_STYLE = Automatic;
				CURRENT_PROJECT_VERSION = 1;
				DEVELOPMENT_TEAM = MXYAZWKJ7D;
				GENERATE_INFOPLIST_FILE = YES;
				INFOPLIST_FILE = sellMyArtAdmin/Info.plist;
				INFOPLIST_KEY_UIApplicationSupportsIndirectInputEvents = YES;
				INFOPLIST_KEY_UILaunchStoryboardName = LaunchScreen;
				INFOPLIST_KEY_UIMainStoryboardFile = Main;
				INFOPLIST_KEY_UISupportedInterfaceOrientations_iPad = "UIInterfaceOrientationPortrait UIInterfaceOrientationPortraitUpsideDown UIInterfaceOrientationLandscapeLeft UIInterfaceOrientationLandscapeRight";
				INFOPLIST_KEY_UISupportedInterfaceOrientations_iPhone = "UIInterfaceOrientationPortrait UIInterfaceOrientationLandscapeLeft UIInterfaceOrientationLandscapeRight";
				LD_RUNPATH_SEARCH_PATHS = (
					"$(inherited)",
					"@executable_path/Frameworks",
				);
				MARKETING_VERSION = 1.0;
				PRODUCT_BUNDLE_IDENTIFIER = com.db.mobilebanking;
				PRODUCT_NAME = "$(TARGET_NAME)";
				PROVISIONING_PROFILE_SPECIFIER = "";
				SWIFT_EMIT_LOC_STRINGS = YES;
				SWIFT_VERSION = 5.0;
				TARGETED_DEVICE_FAMILY = "1,2";
			};
			name = Debug;
		};
		4C85C4BC2CBD25CC003C8E93 /* Release */ = {
			isa = XCBuildConfiguration;
			buildSettings = {
				ASSETCATALOG_COMPILER_APPICON_NAME = AppIcon;
				ASSETCATALOG_COMPILER_GLOBAL_ACCENT_COLOR_NAME = AccentColor;
				CODE_SIGN_IDENTITY = "Apple Development";
				CODE_SIGN_STYLE = Automatic;
				CURRENT_PROJECT_VERSION = 1;
				DEVELOPMENT_TEAM = MXYAZWKJ7D;
				GENERATE_INFOPLIST_FILE = YES;
				INFOPLIST_FILE = sellMyArtAdmin/Info.plist;
				INFOPLIST_KEY_UIApplicationSupportsIndirectInputEvents = YES;
				INFOPLIST_KEY_UILaunchStoryboardName = LaunchScreen;
				INFOPLIST_KEY_UIMainStoryboardFile = Main;
				INFOPLIST_KEY_UISupportedInterfaceOrientations_iPad = "UIInterfaceOrientationPortrait UIInterfaceOrientationPortraitUpsideDown UIInterfaceOrientationLandscapeLeft UIInterfaceOrientationLandscapeRight";
				INFOPLIST_KEY_UISupportedInterfaceOrientations_iPhone = "UIInterfaceOrientationPortrait UIInterfaceOrientationLandscapeLeft UIInterfaceOrientationLandscapeRight";
				LD_RUNPATH_SEARCH_PATHS = (
					"$(inherited)",
					"@executable_path/Frameworks",
				);
				MARKETING_VERSION = 1.0;
				PRODUCT_BUNDLE_IDENTIFIER = com.db.mobilebanking;
				PRODUCT_NAME = "$(TARGET_NAME)";
				PROVISIONING_PROFILE_SPECIFIER = "";
				SWIFT_EMIT_LOC_STRINGS = YES;
				SWIFT_VERSION = 5.0;
				TARGETED_DEVICE_FAMILY = "1,2";
			};
			name = Release;
		};
/* End XCBuildConfiguration section */

/* Begin XCConfigurationList section */
		4C85C4892CBD257B003C8E93 /* Build configuration list for PBXProject "SellMyArt" */ = {
			isa = XCConfigurationList;
			buildConfigurations = (
				4C85C4A02CBD257E003C8E93 /* Debug */,
				4C85C4A12CBD257E003C8E93 /* Release */,
			);
			defaultConfigurationIsVisible = 0;
			defaultConfigurationName = Release;
		};
		4C85C4A22CBD257E003C8E93 /* Build configuration list for PBXNativeTarget "SellMyArt" */ = {
			isa = XCConfigurationList;
			buildConfigurations = (
				4C85C4A32CBD257E003C8E93 /* Debug */,
				4C85C4A42CBD257E003C8E93 /* Release */,
			);
			defaultConfigurationIsVisible = 0;
			defaultConfigurationName = Release;
		};
		4C85C4BA2CBD25CC003C8E93 /* Build configuration list for PBXNativeTarget "sellMyArtAdmin" */ = {
			isa = XCConfigurationList;
			buildConfigurations = (
				4C85C4BB2CBD25CC003C8E93 /* Debug */,
				4C85C4BC2CBD25CC003C8E93 /* Release */,
			);
			defaultConfigurationIsVisible = 0;
			defaultConfigurationName = Release;
		};
/* End XCConfigurationList section */
	};
	rootObject = 4C85C4862CBD257B003C8E93 /* Project object */;
}
